{
  "version": 4,
  "terraform_version": "1.3.0",
  "serial": 3,
  "lineage": "5d9df36f-e7ed-7e22-c112-0bdb4ca56841",
  "outputs": {},
  "resources": [
    {
      "mode": "managed",
      "type": "azurerm_mssql_database",
      "name": "sql",
      "provider": "provider[\"registry.terraform.io/hashicorp/azurerm\"]",
      "instances": [
        {
          "schema_version": 1,
          "attributes": {
            "auto_pause_delay_in_minutes": -1,
            "collation": "SQL_Latin1_General_CP1_CI_AS",
            "create_mode": "Default",
            "creation_source_database_id": null,
            "elastic_pool_id": "",
            "geo_backup_enabled": true,
            "id": "/subscriptions/0bc16f10-29e6-4990-94f2-8702a4e36916/resourceGroups/learn-81e3d56a-55c3-4c5f-98e4-475b0c0f9c0b/providers/Microsoft.Sql/servers/nome-do-servidor-do-banco/databases/nome-do-banco-de-dados",
            "license_type": "",
            "long_term_retention_policy": [
              {
                "monthly_retention": "PT0S",
                "week_of_year": 0,
                "weekly_retention": "PT0S",
                "yearly_retention": "PT0S"
              }
            ],
            "max_size_gb": 32,
            "min_capacity": 10,
            "name": "nome-do-banco-de-dados",
            "read_replica_count": 0,
            "read_scale": false,
            "recover_database_id": null,
            "restore_dropped_database_id": null,
            "restore_point_in_time": null,
            "sample_name": null,
            "server_id": "/subscriptions/0bc16f10-29e6-4990-94f2-8702a4e36916/resourceGroups/learn-81e3d56a-55c3-4c5f-98e4-475b0c0f9c0b/providers/Microsoft.Sql/servers/nome-do-servidor-do-banco",
            "short_term_retention_policy": [
              {
                "retention_days": 7
              }
            ],
            "sku_name": "GP_S_Gen5_10",
            "storage_account_type": "Geo",
            "tags": null,
            "threat_detection_policy": [
              {
                "disabled_alerts": [],
                "email_account_admins": "Disabled",
                "email_addresses": [],
                "retention_days": 0,
                "state": "Disabled",
                "storage_account_access_key": "",
                "storage_endpoint": ""
              }
            ],
            "timeouts": null,
            "transparent_data_encryption_enabled": true,
            "zone_redundant": false
          },
          "sensitive_attributes": [],
          "private": "eyJlMmJmYjczMC1lY2FhLTExZTYtOGY4OC0zNDM2M2JjN2M0YzAiOnsiY3JlYXRlIjozNjAwMDAwMDAwMDAwLCJkZWxldGUiOjM2MDAwMDAwMDAwMDAsInJlYWQiOjMwMDAwMDAwMDAwMCwidXBkYXRlIjozNjAwMDAwMDAwMDAwfSwic2NoZW1hX3ZlcnNpb24iOiIxIn0=",
          "dependencies": [
            "azurerm_mssql_server.sql"
          ]
        }
      ]
    },
    {
      "mode": "managed",
      "type": "azurerm_mssql_server",
      "name": "sql",
      "provider": "provider[\"registry.terraform.io/hashicorp/azurerm\"]",
      "instances": [
        {
          "schema_version": 0,
          "attributes": {
            "administrator_login": "lucas1234",
            "administrator_login_password": "Adm-1234",
            "azuread_administrator": [],
            "connection_policy": "Default",
            "fully_qualified_domain_name": "nome-do-servidor-do-banco.database.windows.net",
            "id": "/subscriptions/0bc16f10-29e6-4990-94f2-8702a4e36916/resourceGroups/learn-81e3d56a-55c3-4c5f-98e4-475b0c0f9c0b/providers/Microsoft.Sql/servers/nome-do-servidor-do-banco",
            "identity": [],
            "location": "brazilsouth",
            "minimum_tls_version": "1.2",
            "name": "nome-do-servidor-do-banco",
            "outbound_network_restriction_enabled": false,
            "primary_user_assigned_identity_id": "",
            "public_network_access_enabled": true,
            "resource_group_name": "learn-81e3d56a-55c3-4c5f-98e4-475b0c0f9c0b",
            "restorable_dropped_database_ids": [],
            "tags": null,
            "timeouts": null,
            "version": "12.0"
          },
          "sensitive_attributes": [],
          "private": "eyJlMmJmYjczMC1lY2FhLTExZTYtOGY4OC0zNDM2M2JjN2M0YzAiOnsiY3JlYXRlIjozNjAwMDAwMDAwMDAwLCJkZWxldGUiOjM2MDAwMDAwMDAwMDAsInJlYWQiOjMwMDAwMDAwMDAwMCwidXBkYXRlIjozNjAwMDAwMDAwMDAwfX0="
        }
      ]
    }
  ],
  "check_results": []
}
